// !$*UTF8*$!
{
	archiveVersion = 1;
	classes = {
	};
	objectVersion = 50;
	objects = {

/* Begin PBXBuildFile section */
		D711FC7625371D3100437C3A /* AppDelegate.swift in Sources */ = {isa = PBXBuildFile; fileRef = D711FC7525371D3100437C3A /* AppDelegate.swift */; };
		D711FC7825371D3100437C3A /* SceneDelegate.swift in Sources */ = {isa = PBXBuildFile; fileRef = D711FC7725371D3100437C3A /* SceneDelegate.swift */; };
		D711FC7A25371D3100437C3A /* ViewController.swift in Sources */ = {isa = PBXBuildFile; fileRef = D711FC7925371D3100437C3A /* ViewController.swift */; };
		D711FC7D25371D3100437C3A /* Main.storyboard in Resources */ = {isa = PBXBuildFile; fileRef = D711FC7B25371D3100437C3A /* Main.storyboard */; };
		D711FC8025371D3100437C3A /* coreDataCloudKit.xcdatamodeld in Sources */ = {isa = PBXBuildFile; fileRef = D711FC7E25371D3100437C3A /* coreDataCloudKit.xcdatamodeld */; };
		D711FC8225371D3200437C3A /* Assets.xcassets in Resources */ = {isa = PBXBuildFile; fileRef = D711FC8125371D3200437C3A /* Assets.xcassets */; };
		D711FC8525371D3200437C3A /* LaunchScreen.storyboard in Resources */ = {isa = PBXBuildFile; fileRef = D711FC8325371D3200437C3A /* LaunchScreen.storyboard */; };
		D711FC952537220000437C3A /* Person+CoreDataClass.swift in Sources */ = {isa = PBXBuildFile; fileRef = D711FC932537220000437C3A /* Person+CoreDataClass.swift */; };
		D7279BF7253A291600B0BDFC /* DataManager.swift in Sources */ = {isa = PBXBuildFile; fileRef = D7279BF6253A291600B0BDFC /* DataManager.swift */; };
/* End PBXBuildFile section */

/* Begin PBXFileReference section */
		D711FC7225371D3100437C3A /* coreDataCloudKit.app */ = {isa = PBXFileReference; explicitFileType = wrapper.application; includeInIndex = 0; path = coreDataCloudKit.app; sourceTree = BUILT_PRODUCTS_DIR; };
		D711FC7525371D3100437C3A /* AppDelegate.swift */ = {isa = PBXFileReference; lastKnownFileType = sourcecode.swift; path = AppDelegate.swift; sourceTree = "<group>"; };
		D711FC7725371D3100437C3A /* SceneDelegate.swift */ = {isa = PBXFileReference; lastKnownFileType = sourcecode.swift; path = SceneDelegate.swift; sourceTree = "<group>"; };
		D711FC7925371D3100437C3A /* ViewController.swift */ = {isa = PBXFileReference; lastKnownFileType = sourcecode.swift; path = ViewController.swift; sourceTree = "<group>"; };
		D711FC7C25371D3100437C3A /* Base */ = {isa = PBXFileReference; lastKnownFileType = file.storyboard; name = Base; path = Base.lproj/Main.storyboard; sourceTree = "<group>"; };
		D711FC7F25371D3100437C3A /* coreDataCloudKit.xcdatamodel */ = {isa = PBXFileReference; lastKnownFileType = wrapper.xcdatamodel; path = coreDataCloudKit.xcdatamodel; sourceTree = "<group>"; };
		D711FC8125371D3200437C3A /* Assets.xcassets */ = {isa = PBXFileReference; lastKnownFileType = folder.assetcatalog; path = Assets.xcassets; sourceTree = "<group>"; };
		D711FC8425371D3200437C3A /* Base */ = {isa = PBXFileReference; lastKnownFileType = file.storyboard; name = Base; path = Base.lproj/LaunchScreen.storyboard; sourceTree = "<group>"; };
		D711FC8625371D3200437C3A /* Info.plist */ = {isa = PBXFileReference; lastKnownFileType = text.plist.xml; path = Info.plist; sourceTree = "<group>"; };
		D711FC932537220000437C3A /* Person+CoreDataClass.swift */ = {isa = PBXFileReference; lastKnownFileType = sourcecode.swift; path = "Person+CoreDataClass.swift"; sourceTree = "<group>"; };
		D7279BF6253A291600B0BDFC /* DataManager.swift */ = {isa = PBXFileReference; lastKnownFileType = sourcecode.swift; path = DataManager.swift; sourceTree = "<group>"; };
/* End PBXFileReference section */

/* Begin PBXFrameworksBuildPhase section */
		D711FC6F25371D3100437C3A /* Frameworks */ = {
			isa = PBXFrameworksBuildPhase;
			buildActionMask = 2147483647;
			files = (
			);
			runOnlyForDeploymentPostprocessing = 0;
		};
/* End PBXFrameworksBuildPhase section */

/* Begin PBXGroup section */
		D711FC6925371D3100437C3A = {
			isa = PBXGroup;
			children = (
				D711FC7425371D3100437C3A /* coreDataCloudKit */,
				D711FC7325371D3100437C3A /* Products */,
			);
			sourceTree = "<group>";
		};
		D711FC7325371D3100437C3A /* Products */ = {
			isa = PBXGroup;
			children = (
				D711FC7225371D3100437C3A /* coreDataCloudKit.app */,
			);
			name = Products;
			sourceTree = "<group>";
		};
		D711FC7425371D3100437C3A /* coreDataCloudKit */ = {
			isa = PBXGroup;
			children = (
				D7279BF5253A28F500B0BDFC /* Core Data */,
				D711FC7525371D3100437C3A /* AppDelegate.swift */,
				D711FC7725371D3100437C3A /* SceneDelegate.swift */,
				D711FC7925371D3100437C3A /* ViewController.swift */,
				D711FC7B25371D3100437C3A /* Main.storyboard */,
				D711FC8125371D3200437C3A /* Assets.xcassets */,
				D711FC8325371D3200437C3A /* LaunchScreen.storyboard */,
				D711FC8625371D3200437C3A /* Info.plist */,
				D711FC7E25371D3100437C3A /* coreDataCloudKit.xcdatamodeld */,
			);
			path = coreDataCloudKit;
			sourceTree = "<group>";
		};
		D7279BF5253A28F500B0BDFC /* Core Data */ = {
			isa = PBXGroup;
			children = (
				D711FC932537220000437C3A /* Person+CoreDataClass.swift */,
				D7279BF6253A291600B0BDFC /* DataManager.swift */,
			);
			path = "Core Data";
			sourceTree = "<group>";
		};
/* End PBXGroup section */

/* Begin PBXNativeTarget section */
		D711FC7125371D3100437C3A /* coreDataCloudKit */ = {
			isa = PBXNativeTarget;
			buildConfigurationList = D711FC8925371D3200437C3A /* Build configuration list for PBXNativeTarget "coreDataCloudKit" */;
			buildPhases = (
				D711FC6E25371D3100437C3A /* Sources */,
				D711FC6F25371D3100437C3A /* Frameworks */,
				D711FC7025371D3100437C3A /* Resources */,
			);
			buildRules = (
			);
			dependencies = (
			);
			name = coreDataCloudKit;
			productName = coreDataCloudKit;
			productReference = D711FC7225371D3100437C3A /* coreDataCloudKit.app */;
			productType = "com.apple.product-type.application";
		};
/* End PBXNativeTarget section */

/* Begin PBXProject section */
		D711FC6A25371D3100437C3A /* Project object */ = {
			isa = PBXProject;
			attributes = {
				LastSwiftUpdateCheck = 1200;
				LastUpgradeCheck = 1200;
				TargetAttributes = {
					D711FC7125371D3100437C3A = {
						CreatedOnToolsVersion = 12.0.1;
					};
				};
			};
			buildConfigurationList = D711FC6D25371D3100437C3A /* Build configuration list for PBXProject "coreDataCloudKit" */;
			compatibilityVersion = "Xcode 9.3";
			developmentRegion = en;
			hasScannedForEncodings = 0;
			knownRegions = (
				en,
				Base,
			);
			mainGroup = D711FC6925371D3100437C3A;
			productRefGroup = D711FC7325371D3100437C3A /* Products */;
			projectDirPath = "";
			projectRoot = "";
			targets = (
				D711FC7125371D3100437C3A /* coreDataCloudKit */,
			);
		};
/* End PBXProject section */

/* Begin PBXResourcesBuildPhase section */
		D711FC7025371D3100437C3A /* Resources */ = {
			isa = PBXResourcesBuildPhase;
			buildActionMask = 2147483647;
			files = (
				D711FC8525371D3200437C3A /* LaunchScreen.storyboard in Resources */,
				D711FC8225371D3200437C3A /* Assets.xcassets in Resources */,
				D711FC7D25371D3100437C3A /* Main.storyboard in Resources */,
			);
			runOnlyForDeploymentPostprocessing = 0;
		};
/* End PBXResourcesBuildPhase section */

/* Begin PBXSourcesBuildPhase section */
		D711FC6E25371D3100437C3A /* Sources */ = {
			isa = PBXSourcesBuildPhase;
			buildActionMask = 2147483647;
			files = (
				D711FC7A25371D3100437C3A /* ViewController.swift in Sources */,
				D7279BF7253A291600B0BDFC /* DataManager.swift in Sources */,
				D711FC7625371D3100437C3A /* AppDelegate.swift in Sources */,
				D711FC952537220000437C3A /* Person+CoreDataClass.swift in Sources */,
				D711FC7825371D3100437C3A /* SceneDelegate.swift in Sources */,
				D711FC8025371D3100437C3A /* coreDataCloudKit.xcdatamodeld in Sources */,
			);
			runOnlyForDeploymentPostprocessing = 0;
		};
/* End PBXSourcesBuildPhase section */

/* Begin PBXVariantGroup section */
		D711FC7B25371D3100437C3A /* Main.storyboard */ = {
			isa = PBXVariantGroup;
			children = (
				D711FC7C25371D3100437C3A /* Base */,
			);
			name = Main.storyboard;
			sourceTree = "<group>";
		};
		D711FC8325371D3200437C3A /* LaunchScreen.storyboard */ = {
			isa = PBXVariantGroup;
			children = (
				D711FC8425371D3200437C3A /* Base */,
			);
			name = LaunchScreen.storyboard;
			sourceTree = "<group>";
		};
/* End PBXVariantGroup section */

/* Begin XCBuildConfiguration section */
		D711FC8725371D3200437C3A /* Debug */ = {
			isa = XCBuildConfiguration;
			buildSettings = {
				ALWAYS_SEARCH_USER_PATHS = NO;
				CLANG_ANALYZER_NONNULL = YES;
				CLANG_ANALYZER_NUMBER_OBJECT_CONVERSION = YES_AGGRESSIVE;
				CLANG_CXX_LANGUAGE_STANDARD = "gnu++14";
				CLANG_CXX_LIBRARY = "libc++";
				CLANG_ENABLE_MODULES = YES;
				CLANG_ENABLE_OBJC_ARC = YES;
				CLANG_ENABLE_OBJC_WEAK = YES;
				CLANG_WARN_BLOCK_CAPTURE_AUTORELEASING = YES;
				CLANG_WARN_BOOL_CONVERSION = YES;
				CLANG_WARN_COMMA = YES;
				CLANG_WARN_CONSTANT_CONVERSION = YES;
				CLANG_WARN_DEPRECATED_OBJC_IMPLEMENTATIONS = YES;
				CLANG_WARN_DIRECT_OBJC_ISA_USAGE = YES_ERROR;
				CLANG_WARN_DOCUMENTATION_COMMENTS = YES;
				CLANG_WARN_EMPTY_BODY = YES;
				CLANG_WARN_ENUM_CONVERSION = YES;
				CLANG_WARN_INFINITE_RECURSION = YES;
				CLANG_WARN_INT_CONVERSION = YES;
				CLANG_WARN_NON_LITERAL_NULL_CONVERSION = YES;
				CLANG_WARN_OBJC_IMPLICIT_RETAIN_SELF = YES;
				CLANG_WARN_OBJC_LITERAL_CONVERSION = YES;
				CLANG_WARN_OBJC_ROOT_CLASS = YES_ERROR;
				CLANG_WARN_QUOTED_INCLUDE_IN_FRAMEWORK_HEADER = YES;
				CLANG_WARN_RANGE_LOOP_ANALYSIS = YES;
				CLANG_WARN_STRICT_PROTOTYPES = YES;
				CLANG_WARN_SUSPICIOUS_MOVE = YES;
				CLANG_WARN_UNGUARDED_AVAILABILITY = YES_AGGRESSIVE;
				CLANG_WARN_UNREACHABLE_CODE = YES;
				CLANG_WARN__DUPLICATE_METHOD_MATCH = YES;
				COPY_PHASE_STRIP = NO;
				DEBUG_INFORMATION_FORMAT = dwarf;
				ENABLE_STRICT_OBJC_MSGSEND = YES;
				ENABLE_TESTABILITY = YES;
				GCC_C_LANGUAGE_STANDARD = gnu11;
				GCC_DYNAMIC_NO_PIC = NO;
				GCC_NO_COMMON_BLOCKS = YES;
				GCC_OPTIMIZATION_LEVEL = 0;
				GCC_PREPROCESSOR_DEFINITIONS = (
					"DEBUG=1",
					"$(inherited)",
				);
				GCC_WARN_64_TO_32_BIT_CONVERSION = YES;
				GCC_WARN_ABOUT_RETURN_TYPE = YES_ERROR;
				GCC_WARN_UNDECLARED_SELECTOR = YES;
				GCC_WARN_UNINITIALIZED_AUTOS = YES_AGGRESSIVE;
				GCC_WARN_UNUSED_FUNCTION = YES;
				GCC_WARN_UNUSED_VARIABLE = YES;
				IPHONEOS_DEPLOYMENT_TARGET = 14.0;
				MTL_ENABLE_DEBUG_INFO = INCLUDE_SOURCE;
				MTL_FAST_MATH = YES;
				ONLY_ACTIVE_ARCH = YES;
				SDKROOT = iphoneos;
				SWIFT_ACTIVE_COMPILATION_CONDITIONS = DEBUG;
				SWIFT_OPTIMIZATION_LEVEL = "-Onone";
			};
			name = Debug;
		};
		D711FC8825371D3200437C3A /* Release */ = {
			isa = XCBuildConfiguration;
			buildSettings = {
				ALWAYS_SEARCH_USER_PATHS = NO;
				CLANG_ANALYZER_NONNULL = YES;
				CLANG_ANALYZER_NUMBER_OBJECT_CONVERSION = YES_AGGRESSIVE;
				CLANG_CXX_LANGUAGE_STANDARD = "gnu++14";
				CLANG_CXX_LIBRARY = "libc++";
				CLANG_ENABLE_MODULES = YES;
				CLANG_ENABLE_OBJC_ARC = YES;
				CLANG_ENABLE_OBJC_WEAK = YES;
				CLANG_WARN_BLOCK_CAPTURE_AUTORELEASING = YES;
				CLANG_WARN_BOOL_CONVERSION = YES;
				CLANG_WARN_COMMA = YES;
				CLANG_WARN_CONSTANT_CONVERSION = YES;
				CLANG_WARN_DEPRECATED_OBJC_IMPLEMENTATIONS = YES;
				CLANG_WARN_DIRECT_OBJC_ISA_USAGE = YES_ERROR;
				CLANG_WARN_DOCUMENTATION_COMMENTS = YES;
				CLANG_WARN_EMPTY_BODY = YES;
				CLANG_WARN_ENUM_CONVERSION = YES;
				CLANG_WARN_INFINITE_RECURSION = YES;
				CLANG_WARN_INT_CONVERSION = YES;
				CLANG_WARN_NON_LITERAL_NULL_CONVERSION = YES;
				CLANG_WARN_OBJC_IMPLICIT_RETAIN_SELF = YES;
				CLANG_WARN_OBJC_LITERAL_CONVERSION = YES;
				CLANG_WARN_OBJC_ROOT_CLASS = YES_ERROR;
				CLANG_WARN_QUOTED_INCLUDE_IN_FRAMEWORK_HEADER = YES;
				CLANG_WARN_RANGE_LOOP_ANALYSIS = YES;
				CLANG_WARN_STRICT_PROTOTYPES = YES;
				CLANG_WARN_SUSPICIOUS_MOVE = YES;
				CLANG_WARN_UNGUARDED_AVAILABILITY = YES_AGGRESSIVE;
				CLANG_WARN_UNREACHABLE_CODE = YES;
				CLANG_WARN__DUPLICATE_METHOD_MATCH = YES;
				COPY_PHASE_STRIP = NO;
				DEBUG_INFORMATION_FORMAT = "dwarf-with-dsym";
				ENABLE_NS_ASSERTIONS = NO;
				ENABLE_STRICT_OBJC_MSGSEND = YES;
				GCC_C_LANGUAGE_STANDARD = gnu11;
				GCC_NO_COMMON_BLOCKS = YES;
				GCC_WARN_64_TO_32_BIT_CONVERSION = YES;
				GCC_WARN_ABOUT_RETURN_TYPE = YES_ERROR;
				GCC_WARN_UNDECLARED_SELECTOR = YES;
				GCC_WARN_UNINITIALIZED_AUTOS = YES_AGGRESSIVE;
				GCC_WARN_UNUSED_FUNCTION = YES;
				GCC_WARN_UNUSED_VARIABLE = YES;
				IPHONEOS_DEPLOYMENT_TARGET = 14.0;
				MTL_ENABLE_DEBUG_INFO = NO;
				MTL_FAST_MATH = YES;
				SDKROOT = iphoneos;
				SWIFT_COMPILATION_MODE = wholemodule;
				SWIFT_OPTIMIZATION_LEVEL = "-O";
				VALIDATE_PRODUCT = YES;
			};
			name = Release;
		};
		D711FC8A25371D3200437C3A /* Debug */ = {
			isa = XCBuildConfiguration;
			buildSettings = {
				ASSETCATALOG_COMPILER_APPICON_NAME = AppIcon;
				ASSETCATALOG_COMPILER_GLOBAL_ACCENT_COLOR_NAME = AccentColor;
				CODE_SIGN_STYLE = Automatic;
				DEVELOPMENT_TEAM = 6RLK97DFHC;
				INFOPLIST_FILE = coreDataCloudKit/Info.plist;
				LD_RUNPATH_SEARCH_PATHS = (
					"$(inherited)",
					"@executable_path/Frameworks",
				);
				PRODUCT_BUNDLE_IDENTIFIER = ceciliasoares.coreDataCloudKit;
				PRODUCT_NAME = "$(TARGET_NAME)";
				SWIFT_VERSION = 5.0;
				TARGETED_DEVICE_FAMILY = "1,2";
			};
			name = Debug;
		};
		D711FC8B25371D3200437C3A /* Release */ = {
			isa = XCBuildConfiguration;
			buildSettings = {
				ASSETCATALOG_COMPILER_APPICON_NAME = AppIcon;
				ASSETCATALOG_COMPILER_GLOBAL_ACCENT_COLOR_NAME = AccentColor;
				CODE_SIGN_STYLE = Automatic;
				DEVELOPMENT_TEAM = 6RLK97DFHC;
				INFOPLIST_FILE = coreDataCloudKit/Info.plist;
				LD_RUNPATH_SEARCH_PATHS = (
					"$(inherited)",
					"@executable_path/Frameworks",
				);
				PRODUCT_BUNDLE_IDENTIFIER = ceciliasoares.coreDataCloudKit;
				PRODUCT_NAME = "$(TARGET_NAME)";
				SWIFT_VERSION = 5.0;
				TARGETED_DEVICE_FAMILY = "1,2";
			};
			name = Release;
		};
/* End XCBuildConfiguration section */

/* Begin XCConfigurationList section */
		D711FC6D25371D3100437C3A /* Build configuration list for PBXProject "coreDataCloudKit" */ = {
			isa = XCConfigurationList;
			buildConfigurations = (
				D711FC8725371D3200437C3A /* Debug */,
				D711FC8825371D3200437C3A /* Release */,
			);
			defaultConfigurationIsVisible = 0;
			defaultConfigurationName = Release;
		};
		D711FC8925371D3200437C3A /* Build configuration list for PBXNativeTarget "coreDataCloudKit" */ = {
			isa = XCConfigurationList;
			buildConfigurations = (
				D711FC8A25371D3200437C3A /* Debug */,
				D711FC8B25371D3200437C3A /* Release */,
			);
			defaultConfigurationIsVisible = 0;
			defaultConfigurationName = Release;
		};
/* End XCConfigurationList section */

/* Begin XCVersionGroup section */
		D711FC7E25371D3100437C3A /* coreDataCloudKit.xcdatamodeld */ = {
			isa = XCVersionGroup;
			children = (
				D711FC7F25371D3100437C3A /* coreDataCloudKit.xcdatamodel */,
			);
			currentVersion = D711FC7F25371D3100437C3A /* coreDataCloudKit.xcdatamodel */;
			path = coreDataCloudKit.xcdatamodeld;
			sourceTree = "<group>";
			versionGroupType = wrapper.xcdatamodel;
		};
/* End XCVersionGroup section */
	};
	rootObject = D711FC6A25371D3100437C3A /* Project object */;
}
